// !$*UTF8*$!
{
	archiveVersion = 1;
	classes = {
	};
	objectVersion = 50;
	objects = {

/* Begin PBXBuildFile section */
		4E18F23523A42CC30020732C /* AppDelegate.swift in Sources */ = {isa = PBXBuildFile; fileRef = 4E18F23423A42CC30020732C /* AppDelegate.swift */; };
		4E18F23723A42CC30020732C /* ViewController.swift in Sources */ = {isa = PBXBuildFile; fileRef = 4E18F23623A42CC30020732C /* ViewController.swift */; };
		4E18F23923A42CC40020732C /* Assets.xcassets in Resources */ = {isa = PBXBuildFile; fileRef = 4E18F23823A42CC40020732C /* Assets.xcassets */; };
		4E18F23C23A42CC40020732C /* Main.storyboard in Resources */ = {isa = PBXBuildFile; fileRef = 4E18F23A23A42CC40020732C /* Main.storyboard */; };
		4E18F24823A42CC40020732C /* CustomRendererUITests.swift in Sources */ = {isa = PBXBuildFile; fileRef = 4E18F24723A42CC40020732C /* CustomRendererUITests.swift */; };
		4E18F25323A43A4D0020732C /* RendererWrapper.swift in Sources */ = {isa = PBXBuildFile; fileRef = 4E18F25223A43A4D0020732C /* RendererWrapper.swift */; };
		4E18F25523A43FA90020732C /* Node.swift in Sources */ = {isa = PBXBuildFile; fileRef = 4E18F25423A43FA90020732C /* Node.swift */; };
		4E18F25723A4418C0020732C /* Vec.swift in Sources */ = {isa = PBXBuildFile; fileRef = 4E18F25623A4418C0020732C /* Vec.swift */; };
		4E18F25923A443C50020732C /* Quat.swift in Sources */ = {isa = PBXBuildFile; fileRef = 4E18F25823A443C50020732C /* Quat.swift */; };
		4E18F25B23A572720020732C /* Camera.swift in Sources */ = {isa = PBXBuildFile; fileRef = 4E18F25A23A572720020732C /* Camera.swift */; };
		4E18F25D23A572ED0020732C /* Geometry.swift in Sources */ = {isa = PBXBuildFile; fileRef = 4E18F25C23A572ED0020732C /* Geometry.swift */; };
		4E18F25F23A573910020732C /* Face.swift in Sources */ = {isa = PBXBuildFile; fileRef = 4E18F25E23A573910020732C /* Face.swift */; };
		4E18F26123A578AE0020732C /* Helpers.swift in Sources */ = {isa = PBXBuildFile; fileRef = 4E18F26023A578AE0020732C /* Helpers.swift */; };
		4E18F26323A58F160020732C /* WindowController.swift in Sources */ = {isa = PBXBuildFile; fileRef = 4E18F26223A58F160020732C /* WindowController.swift */; };
		4EE07ABD23AED8500018E57E /* Light.swift in Sources */ = {isa = PBXBuildFile; fileRef = 4EE07ABC23AED8500018E57E /* Light.swift */; };
		4EE07ABF23B2F99E0018E57E /* RayTracer.swift in Sources */ = {isa = PBXBuildFile; fileRef = 4EE07ABE23B2F99E0018E57E /* RayTracer.swift */; };
		4EE07AC123B2FB110018E57E /* ScanLiner.swift in Sources */ = {isa = PBXBuildFile; fileRef = 4EE07AC023B2FB110018E57E /* ScanLiner.swift */; };
		4EE07AC323B6C3110018E57E /* PrimitiveTree.swift in Sources */ = {isa = PBXBuildFile; fileRef = 4EE07AC223B6C3110018E57E /* PrimitiveTree.swift */; };
		4EE07AF323BAF24F0018E57E /* Primitive.swift in Sources */ = {isa = PBXBuildFile; fileRef = 4EE07AF223BAF24F0018E57E /* Primitive.swift */; };
		4EE07AF623BBE39A0018E57E /* Sphere.swift in Sources */ = {isa = PBXBuildFile; fileRef = 4EE07AF423BB021A0018E57E /* Sphere.swift */; };
/* End PBXBuildFile section */

/* Begin PBXContainerItemProxy section */
		4E18F24423A42CC40020732C /* PBXContainerItemProxy */ = {
			isa = PBXContainerItemProxy;
			containerPortal = 4E18F22923A42CC30020732C /* Project object */;
			proxyType = 1;
			remoteGlobalIDString = 4E18F23023A42CC30020732C;
			remoteInfo = CustomRenderer;
		};
/* End PBXContainerItemProxy section */

/* Begin PBXFileReference section */
		4E18F23123A42CC30020732C /* CustomRenderer.app */ = {isa = PBXFileReference; explicitFileType = wrapper.application; includeInIndex = 0; path = CustomRenderer.app; sourceTree = BUILT_PRODUCTS_DIR; };
		4E18F23423A42CC30020732C /* AppDelegate.swift */ = {isa = PBXFileReference; lastKnownFileType = sourcecode.swift; path = AppDelegate.swift; sourceTree = "<group>"; };
		4E18F23623A42CC30020732C /* ViewController.swift */ = {isa = PBXFileReference; lastKnownFileType = sourcecode.swift; path = ViewController.swift; sourceTree = "<group>"; };
		4E18F23823A42CC40020732C /* Assets.xcassets */ = {isa = PBXFileReference; lastKnownFileType = folder.assetcatalog; path = Assets.xcassets; sourceTree = "<group>"; };
		4E18F23B23A42CC40020732C /* Base */ = {isa = PBXFileReference; lastKnownFileType = file.storyboard; name = Base; path = Base.lproj/Main.storyboard; sourceTree = "<group>"; };
		4E18F23D23A42CC40020732C /* Info.plist */ = {isa = PBXFileReference; lastKnownFileType = text.plist.xml; path = Info.plist; sourceTree = "<group>"; };
		4E18F23E23A42CC40020732C /* CustomRenderer.entitlements */ = {isa = PBXFileReference; lastKnownFileType = text.plist.entitlements; path = CustomRenderer.entitlements; sourceTree = "<group>"; };
		4E18F24323A42CC40020732C /* CustomRendererUITests.xctest */ = {isa = PBXFileReference; explicitFileType = wrapper.cfbundle; includeInIndex = 0; path = CustomRendererUITests.xctest; sourceTree = BUILT_PRODUCTS_DIR; };
		4E18F24723A42CC40020732C /* CustomRendererUITests.swift */ = {isa = PBXFileReference; lastKnownFileType = sourcecode.swift; path = CustomRendererUITests.swift; sourceTree = "<group>"; };
		4E18F24923A42CC40020732C /* Info.plist */ = {isa = PBXFileReference; lastKnownFileType = text.plist.xml; path = Info.plist; sourceTree = "<group>"; };
		4E18F25223A43A4D0020732C /* RendererWrapper.swift */ = {isa = PBXFileReference; lastKnownFileType = sourcecode.swift; path = RendererWrapper.swift; sourceTree = "<group>"; };
		4E18F25423A43FA90020732C /* Node.swift */ = {isa = PBXFileReference; lastKnownFileType = sourcecode.swift; path = Node.swift; sourceTree = "<group>"; };
		4E18F25623A4418C0020732C /* Vec.swift */ = {isa = PBXFileReference; lastKnownFileType = sourcecode.swift; path = Vec.swift; sourceTree = "<group>"; };
		4E18F25823A443C50020732C /* Quat.swift */ = {isa = PBXFileReference; lastKnownFileType = sourcecode.swift; path = Quat.swift; sourceTree = "<group>"; };
		4E18F25A23A572720020732C /* Camera.swift */ = {isa = PBXFileReference; lastKnownFileType = sourcecode.swift; path = Camera.swift; sourceTree = "<group>"; };
		4E18F25C23A572ED0020732C /* Geometry.swift */ = {isa = PBXFileReference; lastKnownFileType = sourcecode.swift; path = Geometry.swift; sourceTree = "<group>"; };
		4E18F25E23A573910020732C /* Face.swift */ = {isa = PBXFileReference; lastKnownFileType = sourcecode.swift; path = Face.swift; sourceTree = "<group>"; };
		4E18F26023A578AE0020732C /* Helpers.swift */ = {isa = PBXFileReference; lastKnownFileType = sourcecode.swift; path = Helpers.swift; sourceTree = "<group>"; };
		4E18F26223A58F160020732C /* WindowController.swift */ = {isa = PBXFileReference; lastKnownFileType = sourcecode.swift; path = WindowController.swift; sourceTree = "<group>"; };
		4EE07ABC23AED8500018E57E /* Light.swift */ = {isa = PBXFileReference; lastKnownFileType = sourcecode.swift; path = Light.swift; sourceTree = "<group>"; };
		4EE07ABE23B2F99E0018E57E /* RayTracer.swift */ = {isa = PBXFileReference; lastKnownFileType = sourcecode.swift; path = RayTracer.swift; sourceTree = "<group>"; };
		4EE07AC023B2FB110018E57E /* ScanLiner.swift */ = {isa = PBXFileReference; lastKnownFileType = sourcecode.swift; path = ScanLiner.swift; sourceTree = "<group>"; };
		4EE07AC223B6C3110018E57E /* PrimitiveTree.swift */ = {isa = PBXFileReference; lastKnownFileType = sourcecode.swift; path = PrimitiveTree.swift; sourceTree = "<group>"; };
		4EE07AF223BAF24F0018E57E /* Primitive.swift */ = {isa = PBXFileReference; lastKnownFileType = sourcecode.swift; path = Primitive.swift; sourceTree = "<group>"; };
		4EE07AF423BB021A0018E57E /* Sphere.swift */ = {isa = PBXFileReference; lastKnownFileType = sourcecode.swift; path = Sphere.swift; sourceTree = "<group>"; };
/* End PBXFileReference section */

/* Begin PBXFrameworksBuildPhase section */
		4E18F22E23A42CC30020732C /* Frameworks */ = {
			isa = PBXFrameworksBuildPhase;
			buildActionMask = 2147483647;
			files = (
			);
			runOnlyForDeploymentPostprocessing = 0;
		};
		4E18F24023A42CC40020732C /* Frameworks */ = {
			isa = PBXFrameworksBuildPhase;
			buildActionMask = 2147483647;
			files = (
			);
			runOnlyForDeploymentPostprocessing = 0;
		};
/* End PBXFrameworksBuildPhase section */

/* Begin PBXGroup section */
		4E18F22823A42CC30020732C = {
			isa = PBXGroup;
			children = (
				4E18F23323A42CC30020732C /* CustomRenderer */,
				4E18F24623A42CC40020732C /* CustomRendererUITests */,
				4E18F23223A42CC30020732C /* Products */,
			);
			sourceTree = "<group>";
		};
		4E18F23223A42CC30020732C /* Products */ = {
			isa = PBXGroup;
			children = (
				4E18F23123A42CC30020732C /* CustomRenderer.app */,
				4E18F24323A42CC40020732C /* CustomRendererUITests.xctest */,
			);
			name = Products;
			sourceTree = "<group>";
		};
		4E18F23323A42CC30020732C /* CustomRenderer */ = {
			isa = PBXGroup;
			children = (
				4E18F23423A42CC30020732C /* AppDelegate.swift */,
				4E18F26223A58F160020732C /* WindowController.swift */,
				4E18F23623A42CC30020732C /* ViewController.swift */,
				4E18F25223A43A4D0020732C /* RendererWrapper.swift */,
				4EE07ABE23B2F99E0018E57E /* RayTracer.swift */,
				4EE07AC023B2FB110018E57E /* ScanLiner.swift */,
				4E18F25423A43FA90020732C /* Node.swift */,
				4E18F25A23A572720020732C /* Camera.swift */,
				4EE07ABC23AED8500018E57E /* Light.swift */,
				4E18F25C23A572ED0020732C /* Geometry.swift */,
				4EE07AF223BAF24F0018E57E /* Primitive.swift */,
				4E18F25E23A573910020732C /* Face.swift */,
				4EE07AF423BB021A0018E57E /* Sphere.swift */,
				4EE07AC223B6C3110018E57E /* PrimitiveTree.swift */,
				4E18F25623A4418C0020732C /* Vec.swift */,
				4E18F25823A443C50020732C /* Quat.swift */,
				4E18F26023A578AE0020732C /* Helpers.swift */,
				4E18F23823A42CC40020732C /* Assets.xcassets */,
				4E18F23A23A42CC40020732C /* Main.storyboard */,
				4E18F23D23A42CC40020732C /* Info.plist */,
				4E18F23E23A42CC40020732C /* CustomRenderer.entitlements */,
			);
			path = CustomRenderer;
			sourceTree = "<group>";
		};
		4E18F24623A42CC40020732C /* CustomRendererUITests */ = {
			isa = PBXGroup;
			children = (
				4E18F24723A42CC40020732C /* CustomRendererUITests.swift */,
				4E18F24923A42CC40020732C /* Info.plist */,
			);
			path = CustomRendererUITests;
			sourceTree = "<group>";
		};
/* End PBXGroup section */

/* Begin PBXNativeTarget section */
		4E18F23023A42CC30020732C /* CustomRenderer */ = {
			isa = PBXNativeTarget;
			buildConfigurationList = 4E18F24C23A42CC40020732C /* Build configuration list for PBXNativeTarget "CustomRenderer" */;
			buildPhases = (
				4E18F22D23A42CC30020732C /* Sources */,
				4E18F22E23A42CC30020732C /* Frameworks */,
				4E18F22F23A42CC30020732C /* Resources */,
			);
			buildRules = (
			);
			dependencies = (
			);
			name = CustomRenderer;
			productName = CustomRenderer;
			productReference = 4E18F23123A42CC30020732C /* CustomRenderer.app */;
			productType = "com.apple.product-type.application";
		};
		4E18F24223A42CC40020732C /* CustomRendererUITests */ = {
			isa = PBXNativeTarget;
			buildConfigurationList = 4E18F24F23A42CC40020732C /* Build configuration list for PBXNativeTarget "CustomRendererUITests" */;
			buildPhases = (
				4E18F23F23A42CC40020732C /* Sources */,
				4E18F24023A42CC40020732C /* Frameworks */,
				4E18F24123A42CC40020732C /* Resources */,
			);
			buildRules = (
			);
			dependencies = (
				4E18F24523A42CC40020732C /* PBXTargetDependency */,
			);
			name = CustomRendererUITests;
			productName = CustomRendererUITests;
			productReference = 4E18F24323A42CC40020732C /* CustomRendererUITests.xctest */;
			productType = "com.apple.product-type.bundle.ui-testing";
		};
/* End PBXNativeTarget section */

/* Begin PBXProject section */
		4E18F22923A42CC30020732C /* Project object */ = {
			isa = PBXProject;
			attributes = {
				LastSwiftUpdateCheck = 1130;
				LastUpgradeCheck = 1130;
				ORGANIZATIONNAME = "Maddy Adams";
				TargetAttributes = {
					4E18F23023A42CC30020732C = {
						CreatedOnToolsVersion = 11.3;
					};
					4E18F24223A42CC40020732C = {
						CreatedOnToolsVersion = 11.3;
						TestTargetID = 4E18F23023A42CC30020732C;
					};
				};
			};
			buildConfigurationList = 4E18F22C23A42CC30020732C /* Build configuration list for PBXProject "CustomRenderer" */;
			compatibilityVersion = "Xcode 9.3";
			developmentRegion = en;
			hasScannedForEncodings = 0;
			knownRegions = (
				en,
				Base,
			);
			mainGroup = 4E18F22823A42CC30020732C;
			productRefGroup = 4E18F23223A42CC30020732C /* Products */;
			projectDirPath = "";
			projectRoot = "";
			targets = (
				4E18F23023A42CC30020732C /* CustomRenderer */,
				4E18F24223A42CC40020732C /* CustomRendererUITests */,
			);
		};
/* End PBXProject section */

/* Begin PBXResourcesBuildPhase section */
		4E18F22F23A42CC30020732C /* Resources */ = {
			isa = PBXResourcesBuildPhase;
			buildActionMask = 2147483647;
			files = (
				4E18F23923A42CC40020732C /* Assets.xcassets in Resources */,
				4E18F23C23A42CC40020732C /* Main.storyboard in Resources */,
			);
			runOnlyForDeploymentPostprocessing = 0;
		};
		4E18F24123A42CC40020732C /* Resources */ = {
			isa = PBXResourcesBuildPhase;
			buildActionMask = 2147483647;
			files = (
			);
			runOnlyForDeploymentPostprocessing = 0;
		};
/* End PBXResourcesBuildPhase section */

/* Begin PBXSourcesBuildPhase section */
		4E18F22D23A42CC30020732C /* Sources */ = {
			isa = PBXSourcesBuildPhase;
			buildActionMask = 2147483647;
			files = (
				4EE07AF623BBE39A0018E57E /* Sphere.swift in Sources */,
				4E18F25923A443C50020732C /* Quat.swift in Sources */,
				4EE07AC323B6C3110018E57E /* PrimitiveTree.swift in Sources */,
				4E18F23723A42CC30020732C /* ViewController.swift in Sources */,
				4EE07AF323BAF24F0018E57E /* Primitive.swift in Sources */,
				4E18F25723A4418C0020732C /* Vec.swift in Sources */,
				4E18F25323A43A4D0020732C /* RendererWrapper.swift in Sources */,
				4E18F25F23A573910020732C /* Face.swift in Sources */,
				4E18F23523A42CC30020732C /* AppDelegate.swift in Sources */,
				4EE07ABD23AED8500018E57E /* Light.swift in Sources */,
				4E18F25D23A572ED0020732C /* Geometry.swift in Sources */,
				4EE07ABF23B2F99E0018E57E /* RayTracer.swift in Sources */,
				4EE07AC123B2FB110018E57E /* ScanLiner.swift in Sources */,
				4E18F26323A58F160020732C /* WindowController.swift in Sources */,
				4E18F26123A578AE0020732C /* Helpers.swift in Sources */,
				4E18F25B23A572720020732C /* Camera.swift in Sources */,
				4E18F25523A43FA90020732C /* Node.swift in Sources */,
			);
			runOnlyForDeploymentPostprocessing = 0;
		};
		4E18F23F23A42CC40020732C /* Sources */ = {
			isa = PBXSourcesBuildPhase;
			buildActionMask = 2147483647;
			files = (
				4E18F24823A42CC40020732C /* CustomRendererUITests.swift in Sources */,
			);
			runOnlyForDeploymentPostprocessing = 0;
		};
/* End PBXSourcesBuildPhase section */

/* Begin PBXTargetDependency section */
		4E18F24523A42CC40020732C /* PBXTargetDependency */ = {
			isa = PBXTargetDependency;
			target = 4E18F23023A42CC30020732C /* CustomRenderer */;
			targetProxy = 4E18F24423A42CC40020732C /* PBXContainerItemProxy */;
		};
/* End PBXTargetDependency section */

/* Begin PBXVariantGroup section */
		4E18F23A23A42CC40020732C /* Main.storyboard */ = {
			isa = PBXVariantGroup;
			children = (
				4E18F23B23A42CC40020732C /* Base */,
			);
			name = Main.storyboard;
			sourceTree = "<group>";
		};
/* End PBXVariantGroup section */

/* Begin XCBuildConfiguration section */
		4E18F24A23A42CC40020732C /* Debug */ = {
			isa = XCBuildConfiguration;
			buildSettings = {
				ALWAYS_SEARCH_USER_PATHS = NO;
				CLANG_ANALYZER_NONNULL = YES;
				CLANG_ANALYZER_NUMBER_OBJECT_CONVERSION = YES_AGGRESSIVE;
				CLANG_CXX_LANGUAGE_STANDARD = "gnu++14";
				CLANG_CXX_LIBRARY = "libc++";
				CLANG_ENABLE_MODULES = YES;
				CLANG_ENABLE_OBJC_ARC = YES;
				CLANG_ENABLE_OBJC_WEAK = YES;
				CLANG_WARN_BLOCK_CAPTURE_AUTORELEASING = YES;
				CLANG_WARN_BOOL_CONVERSION = YES;
				CLANG_WARN_COMMA = YES;
				CLANG_WARN_CONSTANT_CONVERSION = YES;
				CLANG_WARN_DEPRECATED_OBJC_IMPLEMENTATIONS = YES;
				CLANG_WARN_DIRECT_OBJC_ISA_USAGE = YES_ERROR;
				CLANG_WARN_DOCUMENTATION_COMMENTS = YES;
				CLANG_WARN_EMPTY_BODY = YES;
				CLANG_WARN_ENUM_CONVERSION = YES;
				CLANG_WARN_INFINITE_RECURSION = YES;
				CLANG_WARN_INT_CONVERSION = YES;
				CLANG_WARN_NON_LITERAL_NULL_CONVERSION = YES;
				CLANG_WARN_OBJC_IMPLICIT_RETAIN_SELF = YES;
				CLANG_WARN_OBJC_LITERAL_CONVERSION = YES;
				CLANG_WARN_OBJC_ROOT_CLASS = YES_ERROR;
				CLANG_WARN_RANGE_LOOP_ANALYSIS = YES;
				CLANG_WARN_STRICT_PROTOTYPES = YES;
				CLANG_WARN_SUSPICIOUS_MOVE = YES;
				CLANG_WARN_UNGUARDED_AVAILABILITY = YES_AGGRESSIVE;
				CLANG_WARN_UNREACHABLE_CODE = YES;
				CLANG_WARN__DUPLICATE_METHOD_MATCH = YES;
				COPY_PHASE_STRIP = NO;
				DEBUG_INFORMATION_FORMAT = dwarf;
				ENABLE_STRICT_OBJC_MSGSEND = YES;
				ENABLE_TESTABILITY = YES;
				GCC_C_LANGUAGE_STANDARD = gnu11;
				GCC_DYNAMIC_NO_PIC = NO;
				GCC_NO_COMMON_BLOCKS = YES;
				GCC_OPTIMIZATION_LEVEL = 0;
				GCC_PREPROCESSOR_DEFINITIONS = (
					"DEBUG=1",
					"$(inherited)",
				);
				GCC_WARN_64_TO_32_BIT_CONVERSION = YES;
				GCC_WARN_ABOUT_RETURN_TYPE = YES_ERROR;
				GCC_WARN_UNDECLARED_SELECTOR = YES;
				GCC_WARN_UNINITIALIZED_AUTOS = YES_AGGRESSIVE;
				GCC_WARN_UNUSED_FUNCTION = YES;
				GCC_WARN_UNUSED_VARIABLE = YES;
				MACOSX_DEPLOYMENT_TARGET = 10.15;
				MTL_ENABLE_DEBUG_INFO = INCLUDE_SOURCE;
				MTL_FAST_MATH = YES;
				ONLY_ACTIVE_ARCH = YES;
				SDKROOT = macosx;
				SWIFT_ACTIVE_COMPILATION_CONDITIONS = DEBUG;
				SWIFT_OPTIMIZATION_LEVEL = "-Onone";
			};
			name = Debug;
		};
		4E18F24B23A42CC40020732C /* Release */ = {
			isa = XCBuildConfiguration;
			buildSettings = {
				ALWAYS_SEARCH_USER_PATHS = NO;
				CLANG_ANALYZER_NONNULL = YES;
				CLANG_ANALYZER_NUMBER_OBJECT_CONVERSION = YES_AGGRESSIVE;
				CLANG_CXX_LANGUAGE_STANDARD = "gnu++14";
				CLANG_CXX_LIBRARY = "libc++";
				CLANG_ENABLE_MODULES = YES;
				CLANG_ENABLE_OBJC_ARC = YES;
				CLANG_ENABLE_OBJC_WEAK = YES;
				CLANG_WARN_BLOCK_CAPTURE_AUTORELEASING = YES;
				CLANG_WARN_BOOL_CONVERSION = YES;
				CLANG_WARN_COMMA = YES;
				CLANG_WARN_CONSTANT_CONVERSION = YES;
				CLANG_WARN_DEPRECATED_OBJC_IMPLEMENTATIONS = YES;
				CLANG_WARN_DIRECT_OBJC_ISA_USAGE = YES_ERROR;
				CLANG_WARN_DOCUMENTATION_COMMENTS = YES;
				CLANG_WARN_EMPTY_BODY = YES;
				CLANG_WARN_ENUM_CONVERSION = YES;
				CLANG_WARN_INFINITE_RECURSION = YES;
				CLANG_WARN_INT_CONVERSION = YES;
				CLANG_WARN_NON_LITERAL_NULL_CONVERSION = YES;
				CLANG_WARN_OBJC_IMPLICIT_RETAIN_SELF = YES;
				CLANG_WARN_OBJC_LITERAL_CONVERSION = YES;
				CLANG_WARN_OBJC_ROOT_CLASS = YES_ERROR;
				CLANG_WARN_RANGE_LOOP_ANALYSIS = YES;
				CLANG_WARN_STRICT_PROTOTYPES = YES;
				CLANG_WARN_SUSPICIOUS_MOVE = YES;
				CLANG_WARN_UNGUARDED_AVAILABILITY = YES_AGGRESSIVE;
				CLANG_WARN_UNREACHABLE_CODE = YES;
				CLANG_WARN__DUPLICATE_METHOD_MATCH = YES;
				COPY_PHASE_STRIP = NO;
				DEBUG_INFORMATION_FORMAT = "dwarf-with-dsym";
				ENABLE_NS_ASSERTIONS = NO;
				ENABLE_STRICT_OBJC_MSGSEND = YES;
				GCC_C_LANGUAGE_STANDARD = gnu11;
				GCC_NO_COMMON_BLOCKS = YES;
				GCC_WARN_64_TO_32_BIT_CONVERSION = YES;
				GCC_WARN_ABOUT_RETURN_TYPE = YES_ERROR;
				GCC_WARN_UNDECLARED_SELECTOR = YES;
				GCC_WARN_UNINITIALIZED_AUTOS = YES_AGGRESSIVE;
				GCC_WARN_UNUSED_FUNCTION = YES;
				GCC_WARN_UNUSED_VARIABLE = YES;
				MACOSX_DEPLOYMENT_TARGET = 10.15;
				MTL_ENABLE_DEBUG_INFO = NO;
				MTL_FAST_MATH = YES;
				SDKROOT = macosx;
				SWIFT_COMPILATION_MODE = wholemodule;
				SWIFT_OPTIMIZATION_LEVEL = "-O";
			};
			name = Release;
		};
		4E18F24D23A42CC40020732C /* Debug */ = {
			isa = XCBuildConfiguration;
			buildSettings = {
				ASSETCATALOG_COMPILER_APPICON_NAME = AppIcon;
				CODE_SIGN_ENTITLEMENTS = CustomRenderer/CustomRenderer.entitlements;
				CODE_SIGN_STYLE = Automatic;
				COMBINE_HIDPI_IMAGES = YES;
				DEVELOPMENT_TEAM = 2AYRUJY4FY;
				ENABLE_HARDENED_RUNTIME = YES;
				INFOPLIST_FILE = CustomRenderer/Info.plist;
				LD_RUNPATH_SEARCH_PATHS = (
					"$(inherited)",
					"@executable_path/../Frameworks",
				);
				PRODUCT_BUNDLE_IDENTIFIER = com.midnightharmonics.CustomRenderer;
				PRODUCT_NAME = "$(TARGET_NAME)";
				SWIFT_VERSION = 5.0;
			};
			name = Debug;
		};
		4E18F24E23A42CC40020732C /* Release */ = {
			isa = XCBuildConfiguration;
			buildSettings = {
				ASSETCATALOG_COMPILER_APPICON_NAME = AppIcon;
				CODE_SIGN_ENTITLEMENTS = CustomRenderer/CustomRenderer.entitlements;
				CODE_SIGN_STYLE = Automatic;
				COMBINE_HIDPI_IMAGES = YES;
				DEVELOPMENT_TEAM = 2AYRUJY4FY;
				ENABLE_HARDENED_RUNTIME = YES;
				INFOPLIST_FILE = CustomRenderer/Info.plist;
				LD_RUNPATH_SEARCH_PATHS = (
					"$(inherited)",
					"@executable_path/../Frameworks",
				);
				PRODUCT_BUNDLE_IDENTIFIER = com.midnightharmonics.CustomRenderer;
				PRODUCT_NAME = "$(TARGET_NAME)";
				SWIFT_VERSION = 5.0;
			};
			name = Release;
		};
		4E18F25023A42CC40020732C /* Debug */ = {
			isa = XCBuildConfiguration;
			buildSettings = {
				ALWAYS_EMBED_SWIFT_STANDARD_LIBRARIES = YES;
				CODE_SIGN_STYLE = Automatic;
				COMBINE_HIDPI_IMAGES = YES;
				DEVELOPMENT_TEAM = 2AYRUJY4FY;
				INFOPLIST_FILE = CustomRendererUITests/Info.plist;
				LD_RUNPATH_SEARCH_PATHS = (
					"$(inherited)",
					"@executable_path/../Frameworks",
					"@loader_path/../Frameworks",
				);
				PRODUCT_BUNDLE_IDENTIFIER = com.midnightharmonics.CustomRendererUITests;
				PRODUCT_NAME = "$(TARGET_NAME)";
				SWIFT_VERSION = 5.0;
				TEST_TARGET_NAME = CustomRenderer;
			};
			name = Debug;
		};
		4E18F25123A42CC40020732C /* Release */ = {
			isa = XCBuildConfiguration;
			buildSettings = {
				ALWAYS_EMBED_SWIFT_STANDARD_LIBRARIES = YES;
				CODE_SIGN_STYLE = Automatic;
				COMBINE_HIDPI_IMAGES = YES;
				DEVELOPMENT_TEAM = 2AYRUJY4FY;
				INFOPLIST_FILE = CustomRendererUITests/Info.plist;
				LD_RUNPATH_SEARCH_PATHS = (
					"$(inherited)",
					"@executable_path/../Frameworks",
					"@loader_path/../Frameworks",
				);
				PRODUCT_BUNDLE_IDENTIFIER = com.midnightharmonics.CustomRendererUITests;
				PRODUCT_NAME = "$(TARGET_NAME)";
				SWIFT_VERSION = 5.0;
				TEST_TARGET_NAME = CustomRenderer;
			};
			name = Release;
		};
/* End XCBuildConfiguration section */

/* Begin XCConfigurationList section */
		4E18F22C23A42CC30020732C /* Build configuration list for PBXProject "CustomRenderer" */ = {
			isa = XCConfigurationList;
			buildConfigurations = (
				4E18F24A23A42CC40020732C /* Debug */,
				4E18F24B23A42CC40020732C /* Release */,
			);
			defaultConfigurationIsVisible = 0;
			defaultConfigurationName = Release;
		};
		4E18F24C23A42CC40020732C /* Build configuration list for PBXNativeTarget "CustomRenderer" */ = {
			isa = XCConfigurationList;
			buildConfigurations = (
				4E18F24D23A42CC40020732C /* Debug */,
				4E18F24E23A42CC40020732C /* Release */,
			);
			defaultConfigurationIsVisible = 0;
			defaultConfigurationName = Release;
		};
		4E18F24F23A42CC40020732C /* Build configuration list for PBXNativeTarget "CustomRendererUITests" */ = {
			isa = XCConfigurationList;
			buildConfigurations = (
				4E18F25023A42CC40020732C /* Debug */,
				4E18F25123A42CC40020732C /* Release */,
			);
			defaultConfigurationIsVisible = 0;
			defaultConfigurationName = Release;
		};
/* End XCConfigurationList section */
	};
	rootObject = 4E18F22923A42CC30020732C /* Project object */;
}
